{
  "name": "bawes-universe-mobile",
  "version": "1.0.0",
  "lockfileVersion": 3,
  "requires": true,
  "packages": {
    "": {
      "name": "bawes-universe-mobile",
      "version": "1.0.0",
      "dependencies": {
        "@capacitor/core": "^8.3.4",
        "@capacitor/push-notifications": "^8.3.4",
        "@capacitor/splash-screen": "^8.3.4"
      },
      "devDependencies": {
        "@capacitor/android": "^8.3.4",
        "@capacitor/cli": "^8.3.4",
        "@capacitor/ios": "^8.3.4"
      }
    }
  }
}
